
Microsoft Visual Studio Solution File, Format Version 12.00
Project("{FAE04EC0-301F-11D3-BF4B-00C04F79EFBC}") = "CreateSoundRoomSchedule", "CreateSoundRoomSchedule.csproj", "{40B2AAB5-863F-492F-B46C-B25572E528F0}"
EndProject
Global
	GlobalSection(SolutionConfigurationPlatforms) = preSolution
		Debug|Any CPU = Debug|Any CPU
		Release|Any CPU = Release|Any CPU
	EndGlobalSection
	GlobalSection(ProjectConfigurationPlatforms) = postSolution
		{40B2AAB5-863F-492F-B46C-B25572E528F0}.Debug|Any CPU.ActiveCfg = Debug|Any CPU
		{40B2AAB5-863F-492F-B46C-B25572E528F0}.Debug|Any CPU.Build.0 = Debug|Any CPU
		{40B2AAB5-863F-492F-B46C-B25572E528F0}.Release|Any CPU.ActiveCfg = Release|Any CPU
		{40B2AAB5-863F-492F-B46C-B25572E528F0}.Release|Any CPU.Build.0 = Release|Any CPU
	EndGlobalSection
EndGlobal
